
Microsoft Visual Studio Solution File, Format Version 12.00
# Visual Studio Version 17
VisualStudioVersion = 17.9.34728.123
MinimumVisualStudioVersion = 10.0.40219.1
Project("{FAE04EC0-301F-11D3-BF4B-00C04F79EFBC}") = "CategoryProductCrud", "CategoryProductCrud\CategoryProductCrud.csproj", "{93837F88-2AB0-4D36-AC04-6E0FD28711D7}"
EndProject
Global
	GlobalSection(SolutionConfigurationPlatforms) = preSolution
		Debug|Any CPU = Debug|Any CPU
		Release|Any CPU = Release|Any CPU
	EndGlobalSection
	GlobalSection(ProjectConfigurationPlatforms) = postSolution
		{93837F88-2AB0-4D36-AC04-6E0FD28711D7}.Debug|Any CPU.ActiveCfg = Debug|Any CPU
		{93837F88-2AB0-4D36-AC04-6E0FD28711D7}.Debug|Any CPU.Build.0 = Debug|Any CPU
		{93837F88-2AB0-4D36-AC04-6E0FD28711D7}.Release|Any CPU.ActiveCfg = Release|Any CPU
		{93837F88-2AB0-4D36-AC04-6E0FD28711D7}.Release|Any CPU.Build.0 = Release|Any CPU
	EndGlobalSection
	GlobalSection(SolutionProperties) = preSolution
		HideSolutionNode = FALSE
	EndGlobalSection
	GlobalSection(ExtensibilityGlobals) = postSolution
		SolutionGuid = {F3DD274D-1E1C-4059-AB77-CE87DE90278F}
	EndGlobalSection
EndGlobal
